{
  "name": "adyos",
  "version": "1.0.0",
  "lockfileVersion": 3,
  "requires": true,
  "packages": {
    "": {
      "name": "adyos",
      "version": "1.0.0",
      "license": "MIT",
      "dependencies": {
        "read": "^4.0.0"
      }
    },
    "node_modules/mute-stream": {
      "version": "2.0.0",
      "resolved": "https://registry.npmjs.org/mute-stream/-/mute-stream-2.0.0.tgz",
      "integrity": "sha512-WWdIxpyjEn+FhQJQQv9aQAYlHoNVdzIzUySNV1gHUPDSdZJ3yZn7pAAbQcV7B56Mvu881q9FZV+0Vx2xC44VWA==",
      "license": "ISC",
      "engines": {
        "node": "^18.17.0 || >=20.5.0"
      }
    },
    "node_modules/read": {
      "version": "4.0.0",
      "resolved": "https://registry.npmjs.org/read/-/read-4.0.0.tgz",
      "integrity": "sha512-nbYGT3cec3J5NPUeJia7l72I3oIzMIB6yeNyDqi8CVHr3WftwjrCUqR0j13daoHEMVaZ/rxCpmHKrbods3hI2g==",
      "license": "ISC",
      "dependencies": {
        "mute-stream": "^2.0.0"
      },
      "engines": {
        "node": "^18.17.0 || >=20.5.0"
      }
    }
  }
}
